<?xml version="1.0" encoding="utf-8"?>
<Project ToolsVersion="4.0" xmlns="http://schemas.microsoft.com/developer/msbuild/2003">
  <ItemGroup>
    <Filter Include="Source Files">
      <UniqueIdentifier>{4FC737F1-C7A5-4376-A066-2A32D752A2FF}</UniqueIdentifier>
      <Extensions>cpp;cxx;c;def</Extensions>
    </Filter>
    <Filter Include="Header Files">
      <UniqueIdentifier>{93995380-89BD-4b04-88EB-625FBE52EBFB}</UniqueIdentifier>
      <Extensions>h</Extensions>
    </Filter>
    <Filter Include="Form Files">
      <UniqueIdentifier>{99349809-55BA-4b9d-BF79-8FDBB0286EB3}</UniqueIdentifier>
      <Extensions>ui</Extensions>
    </Filter>
    <Filter Include="Resource Files">
      <UniqueIdentifier>{D9D6E242-F8AF-46E4-B9FD-80ECBC20BA3E}</UniqueIdentifier>
      <Extensions>qrc;*</Extensions>
      <ParseFiles>false</ParseFiles>
    </Filter>
    <Filter Include="Generated Files">
      <UniqueIdentifier>{71ED8ED8-ACB9-4CE9-BBE1-E00B30144E11}</UniqueIdentifier>
      <Extensions>moc;h;cpp</Extensions>
      <SourceControlFiles>False</SourceControlFiles>
    </Filter>
    <Filter Include="Generated Files\Debug">
      <UniqueIdentifier>{208224e2-2e3b-438a-b4c6-f9dda9cb6237}</UniqueIdentifier>
      <Extensions>cpp;moc</Extensions>
      <SourceControlFiles>False</SourceControlFiles>
    </Filter>
    <Filter Include="Generated Files\Release">
      <UniqueIdentifier>{c2e83279-14ae-4764-8eab-05500cf8dd29}</UniqueIdentifier>
      <Extensions>cpp;moc</Extensions>
      <SourceControlFiles>False</SourceControlFiles>
    </Filter>
    <Filter Include="Header Files\Gestalt Property">
      <UniqueIdentifier>{c4ab1a97-3073-4bf2-b393-3bce2d6c11bc}</UniqueIdentifier>
    </Filter>
    <Filter Include="Source Files\Gestalt Property">
      <UniqueIdentifier>{a68d536a-72cc-4dfc-82c2-453302b46e17}</UniqueIdentifier>
    </Filter>
    <Filter Include="Header Files\Triangle">
      <UniqueIdentifier>{e37c46ef-a8dd-4607-84a6-5f28f05168ba}</UniqueIdentifier>
    </Filter>
    <Filter Include="Source Files\Triangle">
      <UniqueIdentifier>{d040518a-08e0-46de-ae72-7ea4ff765f59}</UniqueIdentifier>
    </Filter>
    <Filter Include="Source Files\GcOpt">
      <UniqueIdentifier>{7d1e45c4-02e8-44d3-b265-9400b7a0e8ac}</UniqueIdentifier>
    </Filter>
    <Filter Include="Header Files\GcOpt">
      <UniqueIdentifier>{99359c71-6c4a-4a24-aa51-997d9c1d596b}</UniqueIdentifier>
    </Filter>
  </ItemGroup>
  <ItemGroup>
    <ClCompile Include="main.cpp">
      <Filter>Source Files</Filter>
    </ClCompile>
    <ClCompile Include="scatter_point_glyph.cpp">
      <Filter>Source Files</Filter>
    </ClCompile>
    <ClCompile Include="GeneratedFiles\Debug\moc_scatter_point_glyph.cpp">
      <Filter>Generated Files\Debug</Filter>
    </ClCompile>
    <ClCompile Include="GeneratedFiles\Release\moc_scatter_point_glyph.cpp">
      <Filter>Generated Files\Release</Filter>
    </ClCompile>
    <ClCompile Include="GeneratedFiles\qrc_scatter_point_glyph.cpp">
      <Filter>Generated Files</Filter>
    </ClCompile>
    <ClCompile Include="perception_solver.cpp">
      <Filter>Source Files</Filter>
    </ClCompile>
    <ClCompile Include="GeneratedFiles\Debug\moc_layer_control_widget.cpp">
      <Filter>Generated Files\Debug</Filter>
    </ClCompile>
    <ClCompile Include="GeneratedFiles\Release\moc_layer_control_widget.cpp">
      <Filter>Generated Files\Release</Filter>
    </ClCompile>
    <ClCompile Include="layer_control_widget.cpp">
      <Filter>Source Files</Filter>
    </ClCompile>
    <ClCompile Include="rendering_layer_model.cpp">
      <Filter>Source Files</Filter>
    </ClCompile>
    <ClCompile Include="GeneratedFiles\Debug\moc_rendering_layer_model.cpp">
      <Filter>Generated Files\Debug</Filter>
    </ClCompile>
    <ClCompile Include="GeneratedFiles\Release\moc_rendering_layer_model.cpp">
      <Filter>Generated Files\Release</Filter>
    </ClCompile>
    <ClCompile Include="GeneratedFiles\Debug\moc_hier_para_widget.cpp">
      <Filter>Generated Files\Debug</Filter>
    </ClCompile>
    <ClCompile Include="GeneratedFiles\Release\moc_hier_para_widget.cpp">
      <Filter>Generated Files\Release</Filter>
    </ClCompile>
    <ClCompile Include="hier_para_widget.cpp">
      <Filter>Source Files</Filter>
    </ClCompile>
    <ClCompile Include="GeneratedFiles\Debug\moc_hier_solver.cpp">
      <Filter>Generated Files\Debug</Filter>
    </ClCompile>
    <ClCompile Include="GeneratedFiles\Release\moc_hier_solver.cpp">
      <Filter>Generated Files\Release</Filter>
    </ClCompile>
    <ClCompile Include="hier_solver.cpp">
      <Filter>Source Files</Filter>
    </ClCompile>
    <ClCompile Include="gestalt_processor.cpp">
      <Filter>Source Files</Filter>
    </ClCompile>
    <ClCompile Include="line_extractor.cpp">
      <Filter>Source Files\Gestalt Property</Filter>
    </ClCompile>
    <ClCompile Include="continuity_extractor.cpp">
      <Filter>Source Files\Gestalt Property</Filter>
    </ClCompile>
    <ClCompile Include="gco-v3.0\GCoptimization.cpp">
      <Filter>Source Files\GcOpt</Filter>
    </ClCompile>
    <ClCompile Include="gco-v3.0\graph.cpp">
      <Filter>Source Files\GcOpt</Filter>
    </ClCompile>
    <ClCompile Include="gco-v3.0\LinkedBlockList.cpp">
      <Filter>Source Files\GcOpt</Filter>
    </ClCompile>
    <ClCompile Include="gco-v3.0\maxflow.cpp">
      <Filter>Source Files\GcOpt</Filter>
    </ClCompile>
    <ClCompile Include="GeneratedFiles\Debug\moc_gestalt_processor.cpp">
      <Filter>Generated Files\Debug</Filter>
    </ClCompile>
    <ClCompile Include="GeneratedFiles\Release\moc_gestalt_processor.cpp">
      <Filter>Generated Files\Release</Filter>
    </ClCompile>
    <ClCompile Include="point_rendering_layer.cpp">
      <Filter>Source Files</Filter>
    </ClCompile>
    <ClCompile Include="cluster_glyph_layer.cpp">
      <Filter>Source Files</Filter>
    </ClCompile>
    <ClCompile Include="gestalt_candidate_set.cpp">
      <Filter>Source Files</Filter>
    </ClCompile>
    <ClCompile Include="property_extractor.cpp">
      <Filter>Source Files\Gestalt Property</Filter>
    </ClCompile>
    <ClCompile Include="proximity_extractor.cpp">
      <Filter>Source Files\Gestalt Property</Filter>
    </ClCompile>
    <ClCompile Include="similarity_extractor.cpp">
      <Filter>Source Files\Gestalt Property</Filter>
    </ClCompile>
    <ClCompile Include="gestalt_processor2.cpp">
      <Filter>Source Files</Filter>
    </ClCompile>
    <ClCompile Include="GeneratedFiles\Debug\moc_gestalt_processor2.cpp">
      <Filter>Generated Files\Debug</Filter>
    </ClCompile>
    <ClCompile Include="GeneratedFiles\Release\moc_gestalt_processor2.cpp">
      <Filter>Generated Files\Release</Filter>
    </ClCompile>
    <ClCompile Include="scatter_point_dataset.cpp">
      <Filter>Source Files</Filter>
    </ClCompile>
    <ClCompile Include="GeneratedFiles\Debug\moc_cluster_solver.cpp">
      <Filter>Generated Files\Debug</Filter>
    </ClCompile>
    <ClCompile Include="GeneratedFiles\Release\moc_cluster_solver.cpp">
      <Filter>Generated Files\Release</Filter>
    </ClCompile>
    <ClCompile Include="cluster_solver.cpp">
      <Filter>Source Files</Filter>
    </ClCompile>
  </ItemGroup>
  <ItemGroup>
    <CustomBuild Include="scatter_point_glyph.h">
      <Filter>Header Files</Filter>
    </CustomBuild>
    <CustomBuild Include="scatter_point_glyph.ui">
      <Filter>Form Files</Filter>
    </CustomBuild>
    <CustomBuild Include="scatter_point_glyph.qrc">
      <Filter>Resource Files</Filter>
    </CustomBuild>
    <CustomBuild Include="perception_para_dialog.ui">
      <Filter>Form Files</Filter>
    </CustomBuild>
    <CustomBuild Include="layer_control_widget.h">
      <Filter>Header Files</Filter>
    </CustomBuild>
    <CustomBuild Include="rendering_layer_model.h">
      <Filter>Header Files</Filter>
    </CustomBuild>
    <CustomBuild Include="hier_para_widget.ui">
      <Filter>Form Files</Filter>
    </CustomBuild>
    <CustomBuild Include="hier_para_widget.h">
      <Filter>Header Files</Filter>
    </CustomBuild>
    <CustomBuild Include="hier_solver.h">
      <Filter>Header Files</Filter>
    </CustomBuild>
    <CustomBuild Include="gestalt_processor.h">
      <Filter>Header Files</Filter>
    </CustomBuild>
    <CustomBuild Include="gestalt_processor2.h">
      <Filter>Header Files</Filter>
    </CustomBuild>
    <CustomBuild Include="cluster_solver.h">
      <Filter>Header Files</Filter>
    </CustomBuild>
  </ItemGroup>
  <ItemGroup>
    <ClInclude Include="GeneratedFiles\ui_scatter_point_glyph.h">
      <Filter>Generated Files</Filter>
    </ClInclude>
    <ClInclude Include="GeneratedFiles\ui_perception_para_dialog.h">
      <Filter>Generated Files</Filter>
    </ClInclude>
    <ClInclude Include="perception_solver.h">
      <Filter>Header Files</Filter>
    </ClInclude>
    <ClInclude Include="GeneratedFiles\ui_hier_para_widget.h">
      <Filter>Generated Files</Filter>
    </ClInclude>
    <ClInclude Include="basic_glyph_layer.h">
      <Filter>Header Files</Filter>
    </ClInclude>
    <ClInclude Include="line_extractor.h">
      <Filter>Header Files\Gestalt Property</Filter>
    </ClInclude>
    <ClInclude Include="continuity_extractor.h">
      <Filter>Header Files\Gestalt Property</Filter>
    </ClInclude>
    <ClInclude Include="gco-v3.0\block.h">
      <Filter>Header Files\GcOpt</Filter>
    </ClInclude>
    <ClInclude Include="gco-v3.0\energy.h">
      <Filter>Header Files\GcOpt</Filter>
    </ClInclude>
    <ClInclude Include="gco-v3.0\GCoptimization.h">
      <Filter>Header Files\GcOpt</Filter>
    </ClInclude>
    <ClInclude Include="gco-v3.0\graph.h">
      <Filter>Header Files\GcOpt</Filter>
    </ClInclude>
    <ClInclude Include="gco-v3.0\LinkedBlockList.h">
      <Filter>Header Files\GcOpt</Filter>
    </ClInclude>
    <ClInclude Include="point_rendering_layer.h">
      <Filter>Header Files</Filter>
    </ClInclude>
    <ClInclude Include="cluster_glyph_layer.h">
      <Filter>Header Files</Filter>
    </ClInclude>
    <ClInclude Include="property_extractor.h">
      <Filter>Header Files\Gestalt Property</Filter>
    </ClInclude>
    <ClInclude Include="scatter_point_dataset.h">
      <Filter>Header Files</Filter>
    </ClInclude>
    <ClInclude Include="gestalt_candidate_set.h">
      <Filter>Header Files</Filter>
    </ClInclude>
    <ClInclude Include="proximity_extractor.h">
      <Filter>Header Files\Gestalt Property</Filter>
    </ClInclude>
    <ClInclude Include="similarity_extractor.h">
      <Filter>Header Files\Gestalt Property</Filter>
    </ClInclude>
  </ItemGroup>
</Project>