<?xml version="1.0" encoding="utf-8"?>
<Project ToolsVersion="4.0" xmlns="http://schemas.microsoft.com/developer/msbuild/2003">
  <ItemGroup>
    <Filter Include="Source Files">
      <UniqueIdentifier>{4FC737F1-C7A5-4376-A066-2A32D752A2FF}</UniqueIdentifier>
      <Extensions>cpp;cxx;c;def</Extensions>
    </Filter>
    <Filter Include="Header Files">
      <UniqueIdentifier>{93995380-89BD-4b04-88EB-625FBE52EBFB}</UniqueIdentifier>
      <Extensions>h</Extensions>
    </Filter>
    <Filter Include="Form Files">
      <UniqueIdentifier>{99349809-55BA-4b9d-BF79-8FDBB0286EB3}</UniqueIdentifier>
      <Extensions>ui</Extensions>
    </Filter>
    <Filter Include="Resource Files">
      <UniqueIdentifier>{D9D6E242-F8AF-46E4-B9FD-80ECBC20BA3E}</UniqueIdentifier>
      <Extensions>qrc;*</Extensions>
      <ParseFiles>false</ParseFiles>
    </Filter>
    <Filter Include="Generated Files">
      <UniqueIdentifier>{71ED8ED8-ACB9-4CE9-BBE1-E00B30144E11}</UniqueIdentifier>
      <Extensions>moc;h;cpp</Extensions>
      <SourceControlFiles>False</SourceControlFiles>
    </Filter>
    <Filter Include="Generated Files\Debug">
      <UniqueIdentifier>{208224e2-2e3b-438a-b4c6-f9dda9cb6237}</UniqueIdentifier>
      <Extensions>cpp;moc</Extensions>
      <SourceControlFiles>False</SourceControlFiles>
    </Filter>
    <Filter Include="Generated Files\Release">
      <UniqueIdentifier>{c2e83279-14ae-4764-8eab-05500cf8dd29}</UniqueIdentifier>
      <Extensions>cpp;moc</Extensions>
      <SourceControlFiles>False</SourceControlFiles>
    </Filter>
    <Filter Include="Source Files\GcOpt">
      <UniqueIdentifier>{7d1e45c4-02e8-44d3-b265-9400b7a0e8ac}</UniqueIdentifier>
    </Filter>
    <Filter Include="Header Files\GcOpt">
      <UniqueIdentifier>{99359c71-6c4a-4a24-aa51-997d9c1d596b}</UniqueIdentifier>
    </Filter>
    <Filter Include="Header Files\Tree">
      <UniqueIdentifier>{27568041-6e02-4a68-9d94-0d9eb11aa49a}</UniqueIdentifier>
    </Filter>
    <Filter Include="Source Files\Tree">
      <UniqueIdentifier>{43fbeeff-559e-4990-abf2-17b7f17377b1}</UniqueIdentifier>
    </Filter>
    <Filter Include="Header Files\Data">
      <UniqueIdentifier>{23aced1f-8c33-4cb8-9ed2-34af8a057215}</UniqueIdentifier>
    </Filter>
    <Filter Include="Source Files\Data">
      <UniqueIdentifier>{91ac453c-b2cb-435f-ab1d-f3ed665bc405}</UniqueIdentifier>
    </Filter>
    <Filter Include="Header Files\Views">
      <UniqueIdentifier>{08984ab8-bdc0-4c8e-a77d-a3becacf7d16}</UniqueIdentifier>
    </Filter>
    <Filter Include="Source Files\Views">
      <UniqueIdentifier>{369228f9-4797-48bc-bb4f-2d80c3d4fbb7}</UniqueIdentifier>
    </Filter>
    <Filter Include="Header Files\Utility">
      <UniqueIdentifier>{5443849c-0307-4af4-ab9a-76cbcfdda3b0}</UniqueIdentifier>
    </Filter>
    <Filter Include="Source Files\Utility">
      <UniqueIdentifier>{3e5e327b-67d4-47a5-968d-9883823548e3}</UniqueIdentifier>
    </Filter>
    <Filter Include="Header Files\Slic">
      <UniqueIdentifier>{eea5380a-d3e2-44c0-8472-3c5a788ccb99}</UniqueIdentifier>
    </Filter>
    <Filter Include="Source Files\Slic">
      <UniqueIdentifier>{d242c695-5b6c-4983-940d-c4084df6cde4}</UniqueIdentifier>
    </Filter>
    <Filter Include="Header Files\Glyph">
      <UniqueIdentifier>{e18f4f9b-332f-4253-88f7-c5e2da6e043f}</UniqueIdentifier>
    </Filter>
    <Filter Include="Source Files\Glyph">
      <UniqueIdentifier>{1cbe433f-b510-4f77-8dca-dc451dfb5cd8}</UniqueIdentifier>
    </Filter>
    <Filter Include="Header Files\tSNE">
      <UniqueIdentifier>{63825fc7-e937-4636-ac24-c7adba778f91}</UniqueIdentifier>
    </Filter>
    <Filter Include="Source Files\tSNE">
      <UniqueIdentifier>{dd7b17b6-21f5-4b88-b744-531b8d5c7751}</UniqueIdentifier>
    </Filter>
  </ItemGroup>
  <ItemGroup>
    <ClCompile Include="main.cpp">
      <Filter>Source Files</Filter>
    </ClCompile>
    <ClCompile Include="GeneratedFiles\Debug\moc_scatter_point_glyph.cpp">
      <Filter>Generated Files\Debug</Filter>
    </ClCompile>
    <ClCompile Include="GeneratedFiles\Release\moc_scatter_point_glyph.cpp">
      <Filter>Generated Files\Release</Filter>
    </ClCompile>
    <ClCompile Include="GeneratedFiles\qrc_scatter_point_glyph.cpp">
      <Filter>Generated Files</Filter>
    </ClCompile>
    <ClCompile Include="gco-v3.0\GCoptimization.cpp">
      <Filter>Source Files\GcOpt</Filter>
    </ClCompile>
    <ClCompile Include="gco-v3.0\graph.cpp">
      <Filter>Source Files\GcOpt</Filter>
    </ClCompile>
    <ClCompile Include="gco-v3.0\LinkedBlockList.cpp">
      <Filter>Source Files\GcOpt</Filter>
    </ClCompile>
    <ClCompile Include="gco-v3.0\maxflow.cpp">
      <Filter>Source Files\GcOpt</Filter>
    </ClCompile>
    <ClCompile Include="tree_common.cpp">
      <Filter>Source Files\Tree</Filter>
    </ClCompile>
    <ClCompile Include="scatter_point_dataset.cpp">
      <Filter>Source Files\Data</Filter>
    </ClCompile>
    <ClCompile Include="GeneratedFiles\Debug\moc_parallel_coordinate.cpp">
      <Filter>Generated Files\Debug</Filter>
    </ClCompile>
    <ClCompile Include="GeneratedFiles\Release\moc_parallel_coordinate.cpp">
      <Filter>Generated Files\Release</Filter>
    </ClCompile>
    <ClCompile Include="multi_label_processor.cpp">
      <Filter>Source Files\Tree</Filter>
    </ClCompile>
    <ClCompile Include="parallel_coordinate.cpp">
      <Filter>Source Files\Views</Filter>
    </ClCompile>
    <ClCompile Include="scatter_point_glyph.cpp">
      <Filter>Source Files</Filter>
    </ClCompile>
    <ClCompile Include="tour_path_generator.cpp">
      <Filter>Source Files\Utility</Filter>
    </ClCompile>
    <ClCompile Include="multi_label_tree.cpp">
      <Filter>Source Files\Tree</Filter>
    </ClCompile>
    <ClCompile Include="cnode.cpp">
      <Filter>Source Files\Tree</Filter>
    </ClCompile>
    <ClCompile Include="utility.cpp">
      <Filter>Source Files\Utility</Filter>
    </ClCompile>
    <ClCompile Include="color_mapping_generator.cpp">
      <Filter>Source Files\Utility</Filter>
    </ClCompile>
    <ClCompile Include="slic\slic_vf.cpp">
      <Filter>Source Files\Slic</Filter>
    </ClCompile>
    <ClCompile Include="glyph_widget.cpp">
      <Filter>Source Files\Glyph</Filter>
    </ClCompile>
    <ClCompile Include="radar_band_widget.cpp">
      <Filter>Source Files\Glyph</Filter>
    </ClCompile>
    <ClCompile Include="GeneratedFiles\Debug\moc_glyph_rendering_widget.cpp">
      <Filter>Generated Files\Debug</Filter>
    </ClCompile>
    <ClCompile Include="GeneratedFiles\Release\moc_glyph_rendering_widget.cpp">
      <Filter>Generated Files\Release</Filter>
    </ClCompile>
    <ClCompile Include="glyph_rendering_widget.cpp">
      <Filter>Source Files\Glyph</Filter>
    </ClCompile>
    <ClCompile Include="GeneratedFiles\Debug\moc_glyph_dataset.cpp">
      <Filter>Generated Files\Debug</Filter>
    </ClCompile>
    <ClCompile Include="GeneratedFiles\Release\moc_glyph_dataset.cpp">
      <Filter>Generated Files\Release</Filter>
    </ClCompile>
    <ClCompile Include="glyph_dataset.cpp">
      <Filter>Source Files\Glyph</Filter>
    </ClCompile>
    <ClCompile Include="point_data_reader.cpp">
      <Filter>Source Files\Data</Filter>
    </ClCompile>
    <ClCompile Include="mds_projector.cpp">
      <Filter>Source Files\Data</Filter>
    </ClCompile>
    <ClCompile Include="geo_point_data_reader.cpp">
      <Filter>Source Files\Data</Filter>
    </ClCompile>
    <ClCompile Include="GeneratedFiles\Debug\moc_glyph_object.cpp">
      <Filter>Generated Files\Debug</Filter>
    </ClCompile>
    <ClCompile Include="glyph_object.cpp">
      <Filter>Source Files\Glyph</Filter>
    </ClCompile>
    <ClCompile Include="glyph_dataset_builder.cpp">
      <Filter>Source Files\Glyph</Filter>
    </ClCompile>
    <ClCompile Include="GeneratedFiles\Debug\moc_qvtk_rendering_widget.cpp">
      <Filter>Generated Files\Debug</Filter>
    </ClCompile>
    <ClCompile Include="GeneratedFiles\Release\moc_qvtk_rendering_widget.cpp">
      <Filter>Generated Files\Release</Filter>
    </ClCompile>
    <ClCompile Include="point_rendering_widget.cpp">
      <Filter>Source Files\Glyph</Filter>
    </ClCompile>
    <ClCompile Include="GeneratedFiles\Release\moc_glyph_object.cpp">
      <Filter>Generated Files\Release</Filter>
    </ClCompile>
    <ClCompile Include="parallel_dataset.cpp">
      <Filter>Source Files\Views</Filter>
    </ClCompile>
    <ClCompile Include="GeneratedFiles\Debug\moc_tree_map_item.cpp">
      <Filter>Generated Files\Debug</Filter>
    </ClCompile>
    <ClCompile Include="GeneratedFiles\Release\moc_tree_map_item.cpp">
      <Filter>Generated Files\Release</Filter>
    </ClCompile>
    <ClCompile Include="tree_map_item.cpp">
      <Filter>Source Files\Views</Filter>
    </ClCompile>
    <ClCompile Include="GeneratedFiles\Debug\moc_tree_map.cpp">
      <Filter>Generated Files\Debug</Filter>
    </ClCompile>
    <ClCompile Include="GeneratedFiles\Release\moc_tree_map.cpp">
      <Filter>Generated Files\Release</Filter>
    </ClCompile>
    <ClCompile Include="tree_map.cpp">
      <Filter>Source Files\Views</Filter>
    </ClCompile>
    <ClCompile Include="qvtk_rendering_widget.cpp">
      <Filter>Source Files\Glyph</Filter>
    </ClCompile>
    <ClCompile Include="GeneratedFiles\Debug\moc_var_selection_widget.cpp">
      <Filter>Generated Files\Debug</Filter>
    </ClCompile>
    <ClCompile Include="GeneratedFiles\Release\moc_var_selection_widget.cpp">
      <Filter>Generated Files\Release</Filter>
    </ClCompile>
    <ClCompile Include="var_selection_widget.cpp">
      <Filter>Source Files\Views</Filter>
    </ClCompile>
    <ClCompile Include="scatter_volume_dataset.cpp">
      <Filter>Source Files\Data</Filter>
    </ClCompile>
    <ClCompile Include="volume_data_reader.cpp">
      <Filter>Source Files\Data</Filter>
    </ClCompile>
    <ClCompile Include="pca_projector.cpp">
      <Filter>Source Files\Data</Filter>
    </ClCompile>
    <ClCompile Include="parallel_dataset_builder.cpp">
      <Filter>Source Files\Views</Filter>
    </ClCompile>
    <ClCompile Include="GeneratedFiles\Debug\moc_parallel_dataset.cpp">
      <Filter>Generated Files\Debug</Filter>
    </ClCompile>
    <ClCompile Include="GeneratedFiles\Debug\moc_view_dataset.cpp">
      <Filter>Generated Files\Debug</Filter>
    </ClCompile>
    <ClCompile Include="GeneratedFiles\Release\moc_view_dataset.cpp">
      <Filter>Generated Files\Release</Filter>
    </ClCompile>
    <ClCompile Include="GeneratedFiles\Release\moc_parallel_dataset.cpp">
      <Filter>Generated Files\Release</Filter>
    </ClCompile>
    <ClCompile Include="table_lens.cpp">
      <Filter>Source Files\Views</Filter>
    </ClCompile>
    <ClCompile Include="GeneratedFiles\Debug\moc_variable_item.cpp">
      <Filter>Generated Files\Debug</Filter>
    </ClCompile>
    <ClCompile Include="GeneratedFiles\Release\moc_variable_item.cpp">
      <Filter>Generated Files\Release</Filter>
    </ClCompile>
    <ClCompile Include="variable_item.cpp">
      <Filter>Source Files\Views</Filter>
    </ClCompile>
    <ClCompile Include="arrow_widget.cpp">
      <Filter>Source Files\Glyph</Filter>
    </ClCompile>
    <ClCompile Include="density_rendering_widget.cpp">
      <Filter>Source Files\Glyph</Filter>
    </ClCompile>
    <ClCompile Include="regular_radar_widget.cpp">
      <Filter>Source Files\Glyph</Filter>
    </ClCompile>
    <ClCompile Include="radar_band_widget_no_saliency.cpp">
      <Filter>Source Files\Glyph</Filter>
    </ClCompile>
    <ClCompile Include="indicator_widget.cpp">
      <Filter>Source Files\Glyph</Filter>
    </ClCompile>
    <ClCompile Include="vtkPVScalarBarActor.cxx">
      <Filter>Source Files\Glyph</Filter>
    </ClCompile>
    <ClCompile Include="ncut_tree.cpp">
      <Filter>Source Files\Tree</Filter>
    </ClCompile>
    <ClCompile Include="hierarchical_tree.cpp">
      <Filter>Source Files\Tree</Filter>
    </ClCompile>
    <ClCompile Include="bhtsne\sptree.cpp">
      <Filter>Source Files\tSNE</Filter>
    </ClCompile>
    <ClCompile Include="bhtsne\tsne.cpp">
      <Filter>Source Files\tSNE</Filter>
    </ClCompile>
    <ClCompile Include="tsne_projector.cpp">
      <Filter>Source Files\Data</Filter>
    </ClCompile>
    <ClCompile Include="quality_metric.cpp">
      <Filter>Source Files\Tree</Filter>
    </ClCompile>
    <ClCompile Include="view_dependent_tree.cpp">
      <Filter>Source Files\Tree</Filter>
    </ClCompile>
    <ClCompile Include="cluster_projection_tree.cpp">
      <Filter>Source Files\Tree</Filter>
    </ClCompile>
    <ClCompile Include="map_rendering_widget.cpp">
      <Filter>Source Files\Glyph</Filter>
    </ClCompile>
  </ItemGroup>
  <ItemGroup>
    <CustomBuild Include="scatter_point_glyph.h">
      <Filter>Header Files</Filter>
    </CustomBuild>
    <CustomBuild Include="scatter_point_glyph.ui">
      <Filter>Form Files</Filter>
    </CustomBuild>
    <CustomBuild Include="scatter_point_glyph.qrc">
      <Filter>Resource Files</Filter>
    </CustomBuild>
    <CustomBuild Include="variable_selection_dialog.ui">
      <Filter>Form Files</Filter>
    </CustomBuild>
    <CustomBuild Include="parallel_coordinate.h">
      <Filter>Header Files\Views</Filter>
    </CustomBuild>
    <CustomBuild Include="multi_label_tree.h">
      <Filter>Header Files\Tree</Filter>
    </CustomBuild>
    <CustomBuild Include="map_controller.ui">
      <Filter>Form Files</Filter>
    </CustomBuild>
    <CustomBuild Include="glyph_design_dialog.ui">
      <Filter>Form Files</Filter>
    </CustomBuild>
    <CustomBuild Include="option_dialog.ui">
      <Filter>Form Files</Filter>
    </CustomBuild>
    <CustomBuild Include="glyph_widget.h">
      <Filter>Header Files\Glyph</Filter>
    </CustomBuild>
    <CustomBuild Include="radar_band_widget.h">
      <Filter>Header Files\Glyph</Filter>
    </CustomBuild>
    <CustomBuild Include="glyph_rendering_widget.h">
      <Filter>Header Files\Glyph</Filter>
    </CustomBuild>
    <CustomBuild Include="glyph_dataset.h">
      <Filter>Header Files\Glyph</Filter>
    </CustomBuild>
    <CustomBuild Include="glyph_object.h">
      <Filter>Header Files\Glyph</Filter>
    </CustomBuild>
    <CustomBuild Include="tree_map_item.h">
      <Filter>Header Files\Views</Filter>
    </CustomBuild>
    <CustomBuild Include="tree_map.h">
      <Filter>Header Files\Views</Filter>
    </CustomBuild>
    <CustomBuild Include="qvtk_rendering_widget.h">
      <Filter>Header Files\Glyph</Filter>
    </CustomBuild>
    <CustomBuild Include="var_selection_widget.h">
      <Filter>Header Files\Views</Filter>
    </CustomBuild>
    <CustomBuild Include="parallel_dataset.h">
      <Filter>Header Files\Views</Filter>
    </CustomBuild>
    <CustomBuild Include="view_dataset.h">
      <Filter>Header Files\Glyph</Filter>
    </CustomBuild>
    <CustomBuild Include="variable_item.h">
      <Filter>Header Files\Views</Filter>
    </CustomBuild>
    <CustomBuild Include="projection_control.ui">
      <Filter>Form Files</Filter>
    </CustomBuild>
  </ItemGroup>
  <ItemGroup>
    <ClInclude Include="GeneratedFiles\ui_scatter_point_glyph.h">
      <Filter>Generated Files</Filter>
    </ClInclude>
    <ClInclude Include="gco-v3.0\block.h">
      <Filter>Header Files\GcOpt</Filter>
    </ClInclude>
    <ClInclude Include="gco-v3.0\energy.h">
      <Filter>Header Files\GcOpt</Filter>
    </ClInclude>
    <ClInclude Include="gco-v3.0\GCoptimization.h">
      <Filter>Header Files\GcOpt</Filter>
    </ClInclude>
    <ClInclude Include="gco-v3.0\graph.h">
      <Filter>Header Files\GcOpt</Filter>
    </ClInclude>
    <ClInclude Include="gco-v3.0\LinkedBlockList.h">
      <Filter>Header Files\GcOpt</Filter>
    </ClInclude>
    <ClInclude Include="tree_common.h">
      <Filter>Header Files\Tree</Filter>
    </ClInclude>
    <ClInclude Include="scatter_point_dataset.h">
      <Filter>Header Files\Data</Filter>
    </ClInclude>
    <ClInclude Include="GeneratedFiles\ui_variable_selection_dialog.h">
      <Filter>Generated Files</Filter>
    </ClInclude>
    <ClInclude Include="SimpleMatrix.h">
      <Filter>Header Files\Data</Filter>
    </ClInclude>
    <ClInclude Include="multi_label_processor.h">
      <Filter>Header Files\Tree</Filter>
    </ClInclude>
    <ClInclude Include="tour_path_generator.h">
      <Filter>Header Files\Utility</Filter>
    </ClInclude>
    <ClInclude Include="cnode.h">
      <Filter>Header Files\Tree</Filter>
    </ClInclude>
    <ClInclude Include="utility.h">
      <Filter>Header Files\Utility</Filter>
    </ClInclude>
    <ClInclude Include="GeneratedFiles\ui_map_controller.h">
      <Filter>Generated Files</Filter>
    </ClInclude>
    <ClInclude Include="scatter_grid_dataset.h">
      <Filter>Header Files\Data</Filter>
    </ClInclude>
    <ClInclude Include="GeneratedFiles\ui_glyph_design_dialog.h">
      <Filter>Generated Files</Filter>
    </ClInclude>
    <ClInclude Include="color_mapping_generator.h">
      <Filter>Header Files\Utility</Filter>
    </ClInclude>
    <ClInclude Include="GeneratedFiles\ui_option_dialog.h">
      <Filter>Generated Files</Filter>
    </ClInclude>
    <ClInclude Include="slic\slic_vf.h">
      <Filter>Header Files\Slic</Filter>
    </ClInclude>
    <ClInclude Include="point_data_reader.h">
      <Filter>Header Files\Data</Filter>
    </ClInclude>
    <ClInclude Include="mds_projector.h">
      <Filter>Header Files\Data</Filter>
    </ClInclude>
    <ClInclude Include="geo_point_data_reader.h">
      <Filter>Header Files\Data</Filter>
    </ClInclude>
    <ClInclude Include="glyph_dataset_builder.h">
      <Filter>Header Files\Glyph</Filter>
    </ClInclude>
    <ClInclude Include="point_rendering_widget.h">
      <Filter>Header Files\Glyph</Filter>
    </ClInclude>
    <ClInclude Include="table_lens.h">
      <Filter>Header Files\Views</Filter>
    </ClInclude>
    <ClInclude Include="scatter_volume_dataset.h">
      <Filter>Header Files\Data</Filter>
    </ClInclude>
    <ClInclude Include="volume_data_reader.h">
      <Filter>Header Files\Data</Filter>
    </ClInclude>
    <ClInclude Include="pca_projector.h">
      <Filter>Header Files\Data</Filter>
    </ClInclude>
    <ClInclude Include="parallel_dataset_builder.h">
      <Filter>Header Files\Views</Filter>
    </ClInclude>
    <ClInclude Include="arrow_widget.h">
      <Filter>Header Files\Glyph</Filter>
    </ClInclude>
    <ClInclude Include="density_rendering_widget.h">
      <Filter>Header Files\Glyph</Filter>
    </ClInclude>
    <ClInclude Include="regular_radar_widget.h">
      <Filter>Header Files\Glyph</Filter>
    </ClInclude>
    <ClInclude Include="radar_band_widget_no_saliency.h">
      <Filter>Header Files\Glyph</Filter>
    </ClInclude>
    <ClInclude Include="indicator_widget.h">
      <Filter>Header Files\Glyph</Filter>
    </ClInclude>
    <ClInclude Include="vtkPVScalarBarActor.h">
      <Filter>Header Files\Glyph</Filter>
    </ClInclude>
    <ClInclude Include="ncut_tree.h">
      <Filter>Header Files\Tree</Filter>
    </ClInclude>
    <ClInclude Include="hierarchical_tree.h">
      <Filter>Header Files\Tree</Filter>
    </ClInclude>
    <ClInclude Include="bhtsne\sptree.h">
      <Filter>Header Files\tSNE</Filter>
    </ClInclude>
    <ClInclude Include="bhtsne\tsne.h">
      <Filter>Header Files\tSNE</Filter>
    </ClInclude>
    <ClInclude Include="bhtsne\vptree.h">
      <Filter>Header Files\tSNE</Filter>
    </ClInclude>
    <ClInclude Include="tsne_projector.h">
      <Filter>Header Files\Data</Filter>
    </ClInclude>
    <ClInclude Include="quality_metric.h">
      <Filter>Header Files\Tree</Filter>
    </ClInclude>
    <ClInclude Include="view_dependent_tree.h">
      <Filter>Header Files\Tree</Filter>
    </ClInclude>
    <ClInclude Include="cluster_projection_tree.h">
      <Filter>Header Files\Tree</Filter>
    </ClInclude>
    <ClInclude Include="GeneratedFiles\ui_projection_control.h">
      <Filter>Generated Files</Filter>
    </ClInclude>
    <ClInclude Include="map_rendering_widget.h">
      <Filter>Header Files\Glyph</Filter>
    </ClInclude>
  </ItemGroup>
</Project>